github.com/andybalholm/brotli v1.2.0 h1:ukwgCxwYrmACq68yiUqwIWnGY0cTPox/M94sVwToPjQ=
github.com/andybalholm/brotli v1.2.0/go.mod h1:rzTDkvFWvIrjDXZHkuS16NPggd91W3kUSvPlQ1pLaKY=
github.com/davecgh/go-spew v1.1.0/go.mod h1:J7Y8YcW2NihsgmVo/mv3lAwl/skON4iLHjSsI+c5H38=
github.com/davecgh/go-spew v1.1.1/go.mod h1:J7Y8YcW2NihsgmVo/mv3lAwl/skON4iLHjSsI+c5H38=
github.com/davecgh/go-spew v1.1.2-0.20180830191138-d8f796af33cc h1:U9qPSI2PIWSS1VwoXQT9A3Wy9MM3WgvqSxFWenqJduM=
github.com/davecgh/go-spew v1.1.2-0.20180830191138-d8f796af33cc/go.mod h1:J7Y8YcW2NihsgmVo/mv3lAwl/skON4iLHjSsI+c5H38=
github.com/golang/snappy v1.0.0 h1:Oy607GVXHs7RtbggtPBnr2RmDArIsAefDwvrdWvRhGs=
github.com/golang/snappy v1.0.0/go.mod h1:/XxbfmMg8lxefKM7IXC3fBNl/7bRcc72aCRzEWrmP2Q=
github.com/google/go-cmp v0.7.0 h1:wk8382ETsv4JYUZwIsn6YpYiWiBsYLSJiTsyBybVuN8=
github.com/google/go-cmp v0.7.0/go.mod h1:pXiqmnSA92OHEEa9HXL2W4E7lf9JzCmGVUdgjX3N/iU=
github.com/google/gofuzz v1.0.0/go.mod h1:dBl0BpW6vV/+mYPU4Po3pmUjxk6FQPldtuIdl/M65Eg=
github.com/gospider007/kinds v0.0.0-20250815031133-b2282666f69c h1:WnFZf0v+Du5nH/R3pq5QwkTcfVxLqVMRp2dPaI6w6YY=
github.com/gospider007/kinds v0.0.0-20250815031133-b2282666f69c/go.mod h1:8eAmhxyW7p81nsYlD5Wj8I0HuZpVGci+Q9wr6vfY8pg=
github.com/gospider007/re v0.0.0-20251212071142-f56bce921150 h1:xkr9UHkqO5c+VmmsoSzBTjufvqQxMSMk9c1aN49zfN8=
github.com/gospider007/re v0.0.0-20251212071142-f56bce921150/go.mod h1:5fVj9OYkqlOgBdz+kH4jgdiSZ6jdfbmexLIFqtMa9v8=
github.com/gospider007/tools v0.0.0-20260112022617-50048b32a16a h1:u3nhzwWOXDGcj5JucTQbp/KnKKfKYurCM87WsFOOS+s=
github.com/gospider007/tools v0.0.0-20260112022617-50048b32a16a/go.mod h1:zMGV/DE8BSyK8lacqniwhzDmdUyTjgU1Er7VnJgem0Y=
github.com/json-iterator/go v1.1.12 h1:PV8peI4a0ysnczrg+LtxykD8LfKY9ML6u2jnxaEnrnM=
github.com/json-iterator/go v1.1.12/go.mod h1:e30LSqwooZae/UwlEbR2852Gd8hjQvJoHmT4TnhNGBo=
github.com/klauspost/compress v1.18.2 h1:iiPHWW0YrcFgpBYhsA6D1+fqHssJscY/Tm/y2Uqnapk=
github.com/klauspost/compress v1.18.2/go.mod h1:R0h/fSBs8DE4ENlcrlib3PsXS61voFxhIs2DeRhCvJ4=
github.com/minio/minlz v1.0.1 h1:OUZUzXcib8diiX+JYxyRLIdomyZYzHct6EShOKtQY2A=
github.com/minio/minlz v1.0.1/go.mod h1:qT0aEB35q79LLornSzeDH75LBf3aH1MV+jB5w9Wasec=
github.com/modern-go/concurrent v0.0.0-20180228061459-e0a39a4cb421/go.mod h1:6dJC0mAP4ikYIbvyc7fijjWJddQyLn8Ig3JB5CqoB9Q=
github.com/modern-go/concurrent v0.0.0-20180306012644-bacd9c7ef1dd h1:TRLaZ9cD/w8PVh93nsPXa1VrQ6jlwL5oN8l14QlcNfg=
github.com/modern-go/concurrent v0.0.0-20180306012644-bacd9c7ef1dd/go.mod h1:6dJC0mAP4ikYIbvyc7fijjWJddQyLn8Ig3JB5CqoB9Q=
github.com/modern-go/reflect2 v1.0.2/go.mod h1:yWuevngMOJpCy52FWWMvUC8ws7m/LJsjYzDa0/r8luk=
github.com/modern-go/reflect2 v1.0.3-0.20250322232337-35a7c28c31ee h1:W5t00kpgFdJifH4BDsTlE89Zl93FEloxaWZfGcifgq8=
github.com/modern-go/reflect2 v1.0.3-0.20250322232337-35a7c28c31ee/go.mod h1:yWuevngMOJpCy52FWWMvUC8ws7m/LJsjYzDa0/r8luk=
github.com/pmezard/go-difflib v1.0.0/go.mod h1:iKH77koFhYxTK1pcRnkKkqfTogsbg7gZNVY4sRDYZ/4=
github.com/pmezard/go-difflib v1.0.1-0.20181226105442-5d4384ee4fb2 h1:Jamvg5psRIccs7FGNTlIRMkT8wgtp5eCXdBlqhYGL6U=
github.com/pmezard/go-difflib v1.0.1-0.20181226105442-5d4384ee4fb2/go.mod h1:iKH77koFhYxTK1pcRnkKkqfTogsbg7gZNVY4sRDYZ/4=
github.com/stretchr/objx v0.1.0/go.mod h1:HFkY916IF+rwdDfMAkV7OtwuqBVzrE8GR6GFx+wExME=
github.com/stretchr/testify v1.3.0/go.mod h1:M5WIy9Dh21IEIfnGCwXGc5bZfKNJtfHm1UVUgZn+9EI=
github.com/stretchr/testify v1.11.1 h1:7s2iGBzp5EwR7/aIZr8ao5+dra3wiQyKjjFuvgVKu7U=
github.com/stretchr/testify v1.11.1/go.mod h1:wZwfW3scLgRK+23gO65QZefKpKQRnfz6sD981Nm4B6U=
github.com/tidwall/gjson v1.14.2/go.mod h1:/wbyibRr2FHMks5tjHJ5F8dMZh3AcwJEMf5vlfC0lxk=
github.com/tidwall/gjson v1.18.0 h1:FIDeeyB800efLX89e5a8Y0BNH+LOngJyGrIWxG2FKQY=
github.com/tidwall/gjson v1.18.0/go.mod h1:/wbyibRr2FHMks5tjHJ5F8dMZh3AcwJEMf5vlfC0lxk=
github.com/tidwall/match v1.1.1/go.mod h1:eRSPERbgtNPcGhD8UCthc6PmLEQXEWd3PRB5JTxsfmM=
github.com/tidwall/match v1.2.0 h1:0pt8FlkOwjN2fPt4bIl4BoNxb98gGHN2ObFEDkrfZnM=
github.com/tidwall/match v1.2.0/go.mod h1:eRSPERbgtNPcGhD8UCthc6PmLEQXEWd3PRB5JTxsfmM=
github.com/tidwall/pretty v1.2.0/go.mod h1:ITEVvHYasfjBbM0u2Pg8T2nJnzm8xPwvNhhsoaGGjNU=
github.com/tidwall/pretty v1.2.1 h1:qjsOFOWWQl+N3RsoF5/ssm1pHmJJwhjlSbZ51I6wMl4=
github.com/tidwall/pretty v1.2.1/go.mod h1:ITEVvHYasfjBbM0u2Pg8T2nJnzm8xPwvNhhsoaGGjNU=
github.com/tidwall/sjson v1.2.5 h1:kLy8mja+1c9jlljvWTlSazM7cKDRfJuR/bOJhcY5NcY=
github.com/tidwall/sjson v1.2.5/go.mod h1:Fvgq9kS/6ociJEDnK0Fk1cpYF4FIW6ZF7LAe+6jwd28=
github.com/xyproto/randomstring v1.0.5 h1:YtlWPoRdgMu3NZtP45drfy1GKoojuR7hmRcnhZqKjWU=
github.com/xyproto/randomstring v1.0.5/go.mod h1:rgmS5DeNXLivK7YprL0pY+lTuhNQW3iGxZ18UQApw/E=
go.mongodb.org/mongo-driver v1.17.6 h1:87JUG1wZfWsr6rIz3ZmpH90rL5tea7O3IHuSwHUpsss=
go.mongodb.org/mongo-driver v1.17.6/go.mod h1:Hy04i7O2kC4RS06ZrhPRqj/u4DTYkFDAAccj+rVKqgQ=
golang.org/x/image v0.34.0 h1:33gCkyw9hmwbZJeZkct8XyR11yH889EQt/QH4VmXMn8=
golang.org/x/image v0.34.0/go.mod h1:2RNFBZRB+vnwwFil8GkMdRvrJOFd1AzdZI6vOY+eJVU=
golang.org/x/net v0.48.0 h1:zyQRTTrjc33Lhh0fBgT/H3oZq9WuvRR5gPC70xpDiQU=
golang.org/x/net v0.48.0/go.mod h1:+ndRgGjkh8FGtu1w1FGbEC31if4VrNVMuKTgcAAnQRY=
golang.org/x/text v0.33.0 h1:B3njUFyqtHDUI5jMn1YIr5B0IE2U0qck04r6d4KPAxE=
golang.org/x/text v0.33.0/go.mod h1:LuMebE6+rBincTi9+xWTY8TztLzKHc/9C1uBCG27+q8=
gopkg.in/yaml.v3 v3.0.1 h1:fxVm/GzAzEWqLHuvctI91KS9hhNmmWOoWu0XTYJS7CA=
gopkg.in/yaml.v3 v3.0.1/go.mod h1:K4uyk7z7BCEPqu6E+C64Yfv1cQ7kz7rIZviUmN+EgEM=
